
Microsoft Visual Studio Solution File, Format Version 12.00
# Visual Studio Version 16
VisualStudioVersion = 16.0.28803.352
MinimumVisualStudioVersion = 10.0.40219.1
Project("{FAE04EC0-301F-11D3-BF4B-00C04F79EFBC}") = "ToDoWPF1", "ToDoWPF1\ToDoWPF1.csproj", "{1D76B0CF-C989-4F0F-9E38-15C6194301CD}"
EndProject
Global
	GlobalSection(SolutionConfigurationPlatforms) = preSolution
		Debug|Any CPU = Debug|Any CPU
		Release|Any CPU = Release|Any CPU
	EndGlobalSection
	GlobalSection(ProjectConfigurationPlatforms) = postSolution
		{1D76B0CF-C989-4F0F-9E38-15C6194301CD}.Debug|Any CPU.ActiveCfg = Debug|Any CPU
		{1D76B0CF-C989-4F0F-9E38-15C6194301CD}.Debug|Any CPU.Build.0 = Debug|Any CPU
		{1D76B0CF-C989-4F0F-9E38-15C6194301CD}.Release|Any CPU.ActiveCfg = Release|Any CPU
		{1D76B0CF-C989-4F0F-9E38-15C6194301CD}.Release|Any CPU.Build.0 = Release|Any CPU
	EndGlobalSection
	GlobalSection(SolutionProperties) = preSolution
		HideSolutionNode = FALSE
	EndGlobalSection
	GlobalSection(ExtensibilityGlobals) = postSolution
		SolutionGuid = {4FBEF40E-BAB3-421E-BA52-09DB088F6CA0}
	EndGlobalSection
EndGlobal
